
Microsoft Visual Studio Solution File, Format Version 12.00
# Visual Studio Version 17
VisualStudioVersion = 17.3.32901.215
MinimumVisualStudioVersion = 10.0.40219.1
Project("{FAE04EC0-301F-11D3-BF4B-00C04F79EFBC}") = "Generics_Delegates_Exercise", "Generics_Delegates_Exercise\Generics_Delegates_Exercise.csproj", "{F8BE2F34-8FB9-4C99-81FB-1FA7A2A0C091}"
EndProject
Global
	GlobalSection(SolutionConfigurationPlatforms) = preSolution
		Debug|Any CPU = Debug|Any CPU
		Release|Any CPU = Release|Any CPU
	EndGlobalSection
	GlobalSection(ProjectConfigurationPlatforms) = postSolution
		{F8BE2F34-8FB9-4C99-81FB-1FA7A2A0C091}.Debug|Any CPU.ActiveCfg = Debug|Any CPU
		{F8BE2F34-8FB9-4C99-81FB-1FA7A2A0C091}.Debug|Any CPU.Build.0 = Debug|Any CPU
		{F8BE2F34-8FB9-4C99-81FB-1FA7A2A0C091}.Release|Any CPU.ActiveCfg = Release|Any CPU
		{F8BE2F34-8FB9-4C99-81FB-1FA7A2A0C091}.Release|Any CPU.Build.0 = Release|Any CPU
	EndGlobalSection
	GlobalSection(SolutionProperties) = preSolution
		HideSolutionNode = FALSE
	EndGlobalSection
	GlobalSection(ExtensibilityGlobals) = postSolution
		SolutionGuid = {F6F87DF7-06A3-4DB2-8CB0-DA19BB1A470D}
	EndGlobalSection
EndGlobal
